
Microsoft Visual Studio Solution File, Format Version 12.00
# Visual Studio Version 17
VisualStudioVersion = 17.11.35303.130
MinimumVisualStudioVersion = 10.0.40219.1
Project("{FAE04EC0-301F-11D3-BF4B-00C04F79EFBC}") = "app11", "app11\app11.csproj", "{4E02996A-1F10-4D80-BFEB-9229AA6D328F}"
EndProject
Global
	GlobalSection(SolutionConfigurationPlatforms) = preSolution
		Debug|Any CPU = Debug|Any CPU
		Release|Any CPU = Release|Any CPU
	EndGlobalSection
	GlobalSection(ProjectConfigurationPlatforms) = postSolution
		{4E02996A-1F10-4D80-BFEB-9229AA6D328F}.Debug|Any CPU.ActiveCfg = Debug|Any CPU
		{4E02996A-1F10-4D80-BFEB-9229AA6D328F}.Debug|Any CPU.Build.0 = Debug|Any CPU
		{4E02996A-1F10-4D80-BFEB-9229AA6D328F}.Release|Any CPU.ActiveCfg = Release|Any CPU
		{4E02996A-1F10-4D80-BFEB-9229AA6D328F}.Release|Any CPU.Build.0 = Release|Any CPU
	EndGlobalSection
	GlobalSection(SolutionProperties) = preSolution
		HideSolutionNode = FALSE
	EndGlobalSection
	GlobalSection(ExtensibilityGlobals) = postSolution
		SolutionGuid = {BF5156B7-5653-4F54-A3CF-260B8FC3E1E3}
	EndGlobalSection
EndGlobal
