
Microsoft Visual Studio Solution File, Format Version 12.00
# Visual Studio Version 17
VisualStudioVersion = 17.11.35303.130
MinimumVisualStudioVersion = 10.0.40219.1
Project("{FAE04EC0-301F-11D3-BF4B-00C04F79EFBC}") = "work6", "work6\work6.csproj", "{DB425BC2-ACE3-4A13-BD75-BB144BD6AABB}"
EndProject
Global
	GlobalSection(SolutionConfigurationPlatforms) = preSolution
		Debug|Any CPU = Debug|Any CPU
		Release|Any CPU = Release|Any CPU
	EndGlobalSection
	GlobalSection(ProjectConfigurationPlatforms) = postSolution
		{DB425BC2-ACE3-4A13-BD75-BB144BD6AABB}.Debug|Any CPU.ActiveCfg = Debug|Any CPU
		{DB425BC2-ACE3-4A13-BD75-BB144BD6AABB}.Debug|Any CPU.Build.0 = Debug|Any CPU
		{DB425BC2-ACE3-4A13-BD75-BB144BD6AABB}.Release|Any CPU.ActiveCfg = Release|Any CPU
		{DB425BC2-ACE3-4A13-BD75-BB144BD6AABB}.Release|Any CPU.Build.0 = Release|Any CPU
	EndGlobalSection
	GlobalSection(SolutionProperties) = preSolution
		HideSolutionNode = FALSE
	EndGlobalSection
	GlobalSection(ExtensibilityGlobals) = postSolution
		SolutionGuid = {CB29BE3B-7FC8-4DA7-8889-5E6AD2CDB7A6}
	EndGlobalSection
EndGlobal
