
Microsoft Visual Studio Solution File, Format Version 12.00
# Visual Studio Version 17
VisualStudioVersion = 17.11.35303.130
MinimumVisualStudioVersion = 10.0.40219.1
Project("{FAE04EC0-301F-11D3-BF4B-00C04F79EFBC}") = "app13", "app13\app13.csproj", "{4A0DBA5E-5A37-4C85-BE26-58F0C33EE31C}"
EndProject
Global
	GlobalSection(SolutionConfigurationPlatforms) = preSolution
		Debug|Any CPU = Debug|Any CPU
		Release|Any CPU = Release|Any CPU
	EndGlobalSection
	GlobalSection(ProjectConfigurationPlatforms) = postSolution
		{4A0DBA5E-5A37-4C85-BE26-58F0C33EE31C}.Debug|Any CPU.ActiveCfg = Debug|Any CPU
		{4A0DBA5E-5A37-4C85-BE26-58F0C33EE31C}.Debug|Any CPU.Build.0 = Debug|Any CPU
		{4A0DBA5E-5A37-4C85-BE26-58F0C33EE31C}.Release|Any CPU.ActiveCfg = Release|Any CPU
		{4A0DBA5E-5A37-4C85-BE26-58F0C33EE31C}.Release|Any CPU.Build.0 = Release|Any CPU
	EndGlobalSection
	GlobalSection(SolutionProperties) = preSolution
		HideSolutionNode = FALSE
	EndGlobalSection
	GlobalSection(ExtensibilityGlobals) = postSolution
		SolutionGuid = {9B8F117E-0536-43DC-8423-D8AC6C4FFA1E}
	EndGlobalSection
EndGlobal
