
Microsoft Visual Studio Solution File, Format Version 12.00
# Visual Studio Version 17
VisualStudioVersion = 17.11.35303.130
MinimumVisualStudioVersion = 10.0.40219.1
Project("{FAE04EC0-301F-11D3-BF4B-00C04F79EFBC}") = "app5", "app5\app5.csproj", "{1F652A6B-26FB-4598-BEDA-1E6D027EEF55}"
EndProject
Global
	GlobalSection(SolutionConfigurationPlatforms) = preSolution
		Debug|Any CPU = Debug|Any CPU
		Release|Any CPU = Release|Any CPU
	EndGlobalSection
	GlobalSection(ProjectConfigurationPlatforms) = postSolution
		{1F652A6B-26FB-4598-BEDA-1E6D027EEF55}.Debug|Any CPU.ActiveCfg = Debug|Any CPU
		{1F652A6B-26FB-4598-BEDA-1E6D027EEF55}.Debug|Any CPU.Build.0 = Debug|Any CPU
		{1F652A6B-26FB-4598-BEDA-1E6D027EEF55}.Release|Any CPU.ActiveCfg = Release|Any CPU
		{1F652A6B-26FB-4598-BEDA-1E6D027EEF55}.Release|Any CPU.Build.0 = Release|Any CPU
	EndGlobalSection
	GlobalSection(SolutionProperties) = preSolution
		HideSolutionNode = FALSE
	EndGlobalSection
	GlobalSection(ExtensibilityGlobals) = postSolution
		SolutionGuid = {72030411-3C4D-4C80-8290-83DD30A31715}
	EndGlobalSection
EndGlobal
