
Microsoft Visual Studio Solution File, Format Version 12.00
# Visual Studio Version 17
VisualStudioVersion = 17.11.35303.130
MinimumVisualStudioVersion = 10.0.40219.1
Project("{FAE04EC0-301F-11D3-BF4B-00C04F79EFBC}") = "work7", "work7\work7.csproj", "{E9C10D10-89C9-49E2-B400-08E2D1A83290}"
EndProject
Global
	GlobalSection(SolutionConfigurationPlatforms) = preSolution
		Debug|Any CPU = Debug|Any CPU
		Release|Any CPU = Release|Any CPU
	EndGlobalSection
	GlobalSection(ProjectConfigurationPlatforms) = postSolution
		{E9C10D10-89C9-49E2-B400-08E2D1A83290}.Debug|Any CPU.ActiveCfg = Debug|Any CPU
		{E9C10D10-89C9-49E2-B400-08E2D1A83290}.Debug|Any CPU.Build.0 = Debug|Any CPU
		{E9C10D10-89C9-49E2-B400-08E2D1A83290}.Release|Any CPU.ActiveCfg = Release|Any CPU
		{E9C10D10-89C9-49E2-B400-08E2D1A83290}.Release|Any CPU.Build.0 = Release|Any CPU
	EndGlobalSection
	GlobalSection(SolutionProperties) = preSolution
		HideSolutionNode = FALSE
	EndGlobalSection
	GlobalSection(ExtensibilityGlobals) = postSolution
		SolutionGuid = {86C23390-5E8D-4520-B478-302D0310291D}
	EndGlobalSection
EndGlobal
