
Microsoft Visual Studio Solution File, Format Version 12.00
# Visual Studio Version 17
VisualStudioVersion = 17.11.35303.130
MinimumVisualStudioVersion = 10.0.40219.1
Project("{FAE04EC0-301F-11D3-BF4B-00C04F79EFBC}") = "work2", "work2\work2.csproj", "{C2983D29-6118-4B6E-96E3-9156DEA97DAB}"
EndProject
Global
	GlobalSection(SolutionConfigurationPlatforms) = preSolution
		Debug|Any CPU = Debug|Any CPU
		Release|Any CPU = Release|Any CPU
	EndGlobalSection
	GlobalSection(ProjectConfigurationPlatforms) = postSolution
		{C2983D29-6118-4B6E-96E3-9156DEA97DAB}.Debug|Any CPU.ActiveCfg = Debug|Any CPU
		{C2983D29-6118-4B6E-96E3-9156DEA97DAB}.Debug|Any CPU.Build.0 = Debug|Any CPU
		{C2983D29-6118-4B6E-96E3-9156DEA97DAB}.Release|Any CPU.ActiveCfg = Release|Any CPU
		{C2983D29-6118-4B6E-96E3-9156DEA97DAB}.Release|Any CPU.Build.0 = Release|Any CPU
	EndGlobalSection
	GlobalSection(SolutionProperties) = preSolution
		HideSolutionNode = FALSE
	EndGlobalSection
	GlobalSection(ExtensibilityGlobals) = postSolution
		SolutionGuid = {2C333018-8F0B-414F-B919-48C8A7DE5358}
	EndGlobalSection
EndGlobal
