
Microsoft Visual Studio Solution File, Format Version 12.00
# Visual Studio Version 17
VisualStudioVersion = 17.11.35303.130
MinimumVisualStudioVersion = 10.0.40219.1
Project("{FAE04EC0-301F-11D3-BF4B-00C04F79EFBC}") = "app12", "app12\app12.csproj", "{2BFA86B5-F840-4E67-B3C0-CC5B07EC221D}"
EndProject
Global
	GlobalSection(SolutionConfigurationPlatforms) = preSolution
		Debug|Any CPU = Debug|Any CPU
		Release|Any CPU = Release|Any CPU
	EndGlobalSection
	GlobalSection(ProjectConfigurationPlatforms) = postSolution
		{2BFA86B5-F840-4E67-B3C0-CC5B07EC221D}.Debug|Any CPU.ActiveCfg = Debug|Any CPU
		{2BFA86B5-F840-4E67-B3C0-CC5B07EC221D}.Debug|Any CPU.Build.0 = Debug|Any CPU
		{2BFA86B5-F840-4E67-B3C0-CC5B07EC221D}.Release|Any CPU.ActiveCfg = Release|Any CPU
		{2BFA86B5-F840-4E67-B3C0-CC5B07EC221D}.Release|Any CPU.Build.0 = Release|Any CPU
	EndGlobalSection
	GlobalSection(SolutionProperties) = preSolution
		HideSolutionNode = FALSE
	EndGlobalSection
	GlobalSection(ExtensibilityGlobals) = postSolution
		SolutionGuid = {ABAA85AC-3899-48EE-8842-E453010BA080}
	EndGlobalSection
EndGlobal
